
Microsoft Visual Studio Solution File, Format Version 12.00
# Visual Studio Version 16
VisualStudioVersion = 16.0.29905.134
MinimumVisualStudioVersion = 10.0.40219.1
Project("{FAE04EC0-301F-11D3-BF4B-00C04F79EFBC}") = "Interpolation", "Interpolation\Interpolation.csproj", "{C7DE86F0-2FB0-4395-B26A-881DCC70DE07}"
EndProject
Global
	GlobalSection(SolutionConfigurationPlatforms) = preSolution
		Debug|Any CPU = Debug|Any CPU
		Release|Any CPU = Release|Any CPU
	EndGlobalSection
	GlobalSection(ProjectConfigurationPlatforms) = postSolution
		{C7DE86F0-2FB0-4395-B26A-881DCC70DE07}.Debug|Any CPU.ActiveCfg = Debug|Any CPU
		{C7DE86F0-2FB0-4395-B26A-881DCC70DE07}.Debug|Any CPU.Build.0 = Debug|Any CPU
		{C7DE86F0-2FB0-4395-B26A-881DCC70DE07}.Release|Any CPU.ActiveCfg = Release|Any CPU
		{C7DE86F0-2FB0-4395-B26A-881DCC70DE07}.Release|Any CPU.Build.0 = Release|Any CPU
	EndGlobalSection
	GlobalSection(SolutionProperties) = preSolution
		HideSolutionNode = FALSE
	EndGlobalSection
	GlobalSection(ExtensibilityGlobals) = postSolution
		SolutionGuid = {24028831-3B39-4716-BF69-F1378506798C}
	EndGlobalSection
EndGlobal
